{
  "name": "@tributary-so/sdk",
  "version": "1.1.1",
  "lockfileVersion": 3,
  "requires": true,
  "packages": {
    "": {
      "name": "@tributary-so/sdk",
      "version": "1.1.1",
      "dependencies": {
        "@coral-xyz/anchor": "^0.31.0",
        "@metaplex-foundation/mpl-token-metadata": "^3.4.0",
        "@metaplex-foundation/umi": "^1.4.1",
        "@metaplex-foundation/umi-bundle-defaults": "^1.4.1",
        "@rollup/plugin-inject": "^5.0.5",
        "@solana/spl-token": "^0.4.13",
        "@solana/web3.js": "^1.98.4",
        "bn.js": "^5.2.2"
      },
      "devDependencies": {
        "@types/bn.js": "^5.2.0",
        "@types/node": "^22.10.6",
        "@typescript-eslint/eslint-plugin": "^6.13.0",
        "@typescript-eslint/parser": "^6.13.0",
        "eslint": "^8.55.0",
        "typedoc": "^0.28.14",
        "typescript": "^5.7.3"
      },
      "engines": {
        "node": ">=16"
      }
    },
    "../node_modules/.pnpm/@coral-xyz+anchor@0.31.1_bufferutil@4.0.9_typescript@5.8.3_utf-8-validate@5.0.10/node_modules/@coral-xyz/anchor": {
      "version": "0.31.1",
      "license": "(MIT OR Apache-2.0)",
      "dependencies": {
        "@coral-xyz/anchor-errors": "^0.31.1",
        "@coral-xyz/borsh": "^0.31.1",
        "@noble/hashes": "^1.3.1",
        "@solana/web3.js": "^1.69.0",
        "bn.js": "^5.1.2",
        "bs58": "^4.0.1",
        "buffer-layout": "^1.2.2",
        "camelcase": "^6.3.0",
        "cross-fetch": "^3.1.5",
        "eventemitter3": "^4.0.7",
        "pako": "^2.0.3",
        "superstruct": "^0.15.4",
        "toml": "^3.0.0"
      },
      "devDependencies": {
        "@commitlint/cli": "^11.0.0",
        "@commitlint/config-conventional": "^11.0.0",
        "@rollup/plugin-commonjs": "^21.0.1",
        "@rollup/plugin-node-resolve": "^13.0.6",
        "@rollup/plugin-replace": "^3.0.0",
        "@rollup/plugin-typescript": "^8.3.0",
        "@types/bn.js": "^4.11.6",
        "@types/bs58": "^4.0.1",
        "@types/crypto-hash": "^1.1.2",
        "@types/jest": "^27.4.1",
        "@types/pako": "^1.0.1",
        "@typescript-eslint/eslint-plugin": "^4.6.0",
        "@typescript-eslint/parser": "^4.6.0",
        "eslint": "^7.12.1",
        "eslint-config-prettier": "^6.15.0",
        "husky": "^4.3.0",
        "jest": "27.3.1",
        "jest-config": "27.3.1",
        "lint-staged": "^10.5.0",
        "prettier": "^2.1.2",
        "rimraf": "^3.0.2",
        "rollup": "^2.60.2",
        "ts-jest": "^27.0.7",
        "ts-jest-resolver": "^2.0.0",
        "ts-node": "^9.0.0",
        "tslib": "^2.3.1",
        "typedoc": "^0.22.10",
        "typescript": "^5.5.4"
      },
      "engines": {
        "node": ">=17"
      }
    },
    "../node_modules/.pnpm/@metaplex-foundation+mpl-token-metadata@3.4.0_@metaplex-foundation+umi@1.4.1/node_modules/@metaplex-foundation/mpl-token-metadata": {
      "version": "3.4.0",
      "license": "Apache-2.0",
      "dependencies": {
        "@metaplex-foundation/mpl-toolbox": "^0.10.0"
      },
      "devDependencies": {
        "@ava/typescript": "^3.0.1",
        "@metaplex-foundation/umi": "^1.0.0",
        "@metaplex-foundation/umi-bundle-tests": "^1.0.0",
        "@solana/web3.js": "^1.73.0",
        "@typescript-eslint/eslint-plugin": "^5.0.0",
        "@typescript-eslint/parser": "^5.46.1",
        "ava": "^5.1.0",
        "eslint": "^8.0.1",
        "eslint-config-airbnb-typescript": "^17.0.0",
        "eslint-config-prettier": "^8.5.0",
        "eslint-plugin-import": "^2.26.0",
        "eslint-plugin-prettier": "^4.2.1",
        "prettier": "^2.5.1",
        "rimraf": "^3.0.2",
        "typedoc": "^0.23.16",
        "typedoc-plugin-expand-object-like-types": "^0.1.1",
        "typedoc-plugin-missing-exports": "^1.0.0",
        "typescript": "^4.9.4",
        "vercel": "^28.16.8"
      },
      "peerDependencies": {
        "@metaplex-foundation/umi": ">= 0.8.2 <= 1"
      }
    },
    "../node_modules/.pnpm/@metaplex-foundation+umi-bundle-defaults@1.4.1_@metaplex-foundation+umi@1.4.1_@solana+w_83d0b4d5c3c784bce5e8845ed90c1d5b/node_modules/@metaplex-foundation/umi-bundle-defaults": {
      "version": "1.4.1",
      "license": "MIT",
      "dependencies": {
        "@metaplex-foundation/umi-downloader-http": "^1.4.1",
        "@metaplex-foundation/umi-eddsa-web3js": "^1.4.1",
        "@metaplex-foundation/umi-http-fetch": "^1.4.1",
        "@metaplex-foundation/umi-program-repository": "^1.4.1",
        "@metaplex-foundation/umi-rpc-chunk-get-accounts": "^1.4.1",
        "@metaplex-foundation/umi-rpc-web3js": "^1.4.1",
        "@metaplex-foundation/umi-serializer-data-view": "^1.4.1",
        "@metaplex-foundation/umi-transaction-factory-web3js": "^1.4.1"
      },
      "devDependencies": {
        "@ava/typescript": "^3.0.1",
        "@metaplex-foundation/umi": "^1.4.1",
        "ava": "^5.1.0"
      },
      "peerDependencies": {
        "@metaplex-foundation/umi": "^1.4.1",
        "@solana/web3.js": "^1.72.0"
      }
    },
    "../node_modules/.pnpm/@metaplex-foundation+umi@1.4.1/node_modules/@metaplex-foundation/umi": {
      "version": "1.4.1",
      "license": "MIT",
      "dependencies": {
        "@metaplex-foundation/umi-options": "^1.4.1",
        "@metaplex-foundation/umi-public-keys": "^1.4.1",
        "@metaplex-foundation/umi-serializers": "^1.4.1"
      },
      "devDependencies": {
        "@ava/typescript": "^3.0.1",
        "ava": "^5.1.0"
      }
    },
    "../node_modules/.pnpm/@rollup+plugin-inject@5.0.5_rollup@4.43.0/node_modules/@rollup/plugin-inject": {
      "version": "5.0.5",
      "license": "MIT",
      "dependencies": {
        "@rollup/pluginutils": "^5.0.1",
        "estree-walker": "^2.0.2",
        "magic-string": "^0.30.3"
      },
      "devDependencies": {
        "@rollup/plugin-buble": "^1.0.0",
        "del-cli": "^5.0.0",
        "locate-character": "^2.0.5",
        "rollup": "^4.0.0-24",
        "source-map": "^0.7.4",
        "typescript": "^4.8.3"
      },
      "engines": {
        "node": ">=14.0.0"
      },
      "peerDependencies": {
        "rollup": "^1.20.0||^2.0.0||^3.0.0||^4.0.0"
      },
      "peerDependenciesMeta": {
        "rollup": {
          "optional": true
        }
      }
    },
    "../node_modules/.pnpm/@solana+spl-token@0.4.14_@solana+web3.js@1.98.4_bufferutil@4.0.9_typescript@5.8.3_utf-8_9b918161fe708b34bc3664ef5309d457/node_modules/@solana/spl-token": {
      "version": "0.4.14",
      "license": "Apache-2.0",
      "dependencies": {
        "@solana/buffer-layout": "^4.0.0",
        "@solana/buffer-layout-utils": "^0.2.0",
        "@solana/spl-token-group": "^0.0.7",
        "@solana/spl-token-metadata": "^0.1.6",
        "buffer": "^6.0.3"
      },
      "devDependencies": {
        "@solana/codecs-strings": "3.0.1",
        "@solana/prettier-config-solana": "0.0.5",
        "@solana/spl-memo": "0.2.5",
        "@solana/web3.js": "^1.95.5",
        "@types/chai": "^5.0.1",
        "@types/chai-as-promised": "^8.0.1",
        "@types/mocha": "^10.0.10",
        "@types/node": "^24.0.0",
        "@types/node-fetch": "^2.6.12",
        "@typescript-eslint/eslint-plugin": "^8.4.0",
        "@typescript-eslint/parser": "^8.4.0",
        "chai": "^5.1.2",
        "chai-as-promised": "^8.0.1",
        "eslint": "^8.57.0",
        "eslint-config-prettier": "^10.0.1",
        "eslint-plugin-prettier": "^5.2.1",
        "eslint-plugin-require-extensions": "^0.1.1",
        "gh-pages": "^6.3.0",
        "mocha": "^11.0.1",
        "prettier": "^3.4.2",
        "process": "^0.11.10",
        "shx": "^0.4.0",
        "ts-node": "^10.9.2",
        "typedoc": "^0.28.0",
        "typescript": "^5.7.2"
      },
      "engines": {
        "node": ">=16"
      },
      "peerDependencies": {
        "@solana/web3.js": "^1.95.5"
      }
    },
    "../node_modules/.pnpm/@solana+web3.js@1.98.4_bufferutil@4.0.9_typescript@5.8.3_utf-8-validate@5.0.10/node_modules/@solana/web3.js": {
      "version": "1.98.4",
      "license": "MIT",
      "dependencies": {
        "@babel/runtime": "^7.25.0",
        "@noble/curves": "^1.4.2",
        "@noble/hashes": "^1.4.0",
        "@solana/buffer-layout": "^4.0.1",
        "@solana/codecs-numbers": "^2.1.0",
        "agentkeepalive": "^4.5.0",
        "bn.js": "^5.2.1",
        "borsh": "^0.7.0",
        "bs58": "^4.0.1",
        "buffer": "6.0.3",
        "fast-stable-stringify": "^1.0.0",
        "jayson": "^4.1.1",
        "node-fetch": "^2.7.0",
        "rpc-websockets": "^9.0.2",
        "superstruct": "^2.0.2"
      }
    },
    "../node_modules/.pnpm/@types+bn.js@5.2.0/node_modules/@types/bn.js": {
      "version": "5.2.0",
      "dev": true,
      "license": "MIT",
      "dependencies": {
        "@types/node": "*"
      }
    },
    "../node_modules/.pnpm/@types+node@22.18.8/node_modules/@types/node": {
      "version": "22.18.8",
      "dev": true,
      "license": "MIT",
      "dependencies": {
        "undici-types": "~6.21.0"
      }
    },
    "../node_modules/.pnpm/@typescript-eslint+eslint-plugin@6.21.0_@typescript-eslint+parser@6.21.0_eslint@8.57.1__568544a48dea19c14ce8955143cbe955/node_modules/@typescript-eslint/eslint-plugin": {
      "version": "6.21.0",
      "dev": true,
      "license": "MIT",
      "dependencies": {
        "@eslint-community/regexpp": "^4.5.1",
        "@typescript-eslint/scope-manager": "6.21.0",
        "@typescript-eslint/type-utils": "6.21.0",
        "@typescript-eslint/utils": "6.21.0",
        "@typescript-eslint/visitor-keys": "6.21.0",
        "debug": "^4.3.4",
        "graphemer": "^1.4.0",
        "ignore": "^5.2.4",
        "natural-compare": "^1.4.0",
        "semver": "^7.5.4",
        "ts-api-utils": "^1.0.1"
      },
      "devDependencies": {
        "@prettier/sync": "*",
        "@types/debug": "*",
        "@types/marked": "*",
        "@types/natural-compare": "*",
        "@typescript-eslint/rule-schema-to-typescript-types": "6.21.0",
        "@typescript-eslint/rule-tester": "6.21.0",
        "ajv": "^6.12.6",
        "chalk": "^5.3.0",
        "cross-fetch": "*",
        "grapheme-splitter": "^1.0.4",
        "jest": "29.7.0",
        "jest-specific-snapshot": "^8.0.0",
        "json-schema": "*",
        "markdown-table": "^3.0.3",
        "marked": "^5.1.1",
        "prettier": "^3.0.3",
        "rimraf": "*",
        "title-case": "^3.0.3",
        "tsx": "*",
        "typescript": "*"
      },
      "engines": {
        "node": "^16.0.0 || >=18.0.0"
      },
      "funding": {
        "type": "opencollective",
        "url": "https://opencollective.com/typescript-eslint"
      },
      "peerDependencies": {
        "@typescript-eslint/parser": "^6.0.0 || ^6.0.0-alpha",
        "eslint": "^7.0.0 || ^8.0.0"
      },
      "peerDependenciesMeta": {
        "typescript": {
          "optional": true
        }
      }
    },
    "../node_modules/.pnpm/@typescript-eslint+parser@6.21.0_eslint@8.57.1_typescript@5.8.3/node_modules/@typescript-eslint/parser": {
      "version": "6.21.0",
      "dev": true,
      "license": "BSD-2-Clause",
      "dependencies": {
        "@typescript-eslint/scope-manager": "6.21.0",
        "@typescript-eslint/types": "6.21.0",
        "@typescript-eslint/typescript-estree": "6.21.0",
        "@typescript-eslint/visitor-keys": "6.21.0",
        "debug": "^4.3.4"
      },
      "devDependencies": {
        "@types/glob": "*",
        "downlevel-dts": "*",
        "glob": "*",
        "jest": "29.7.0",
        "prettier": "^3.0.3",
        "rimraf": "*",
        "typescript": "*"
      },
      "engines": {
        "node": "^16.0.0 || >=18.0.0"
      },
      "funding": {
        "type": "opencollective",
        "url": "https://opencollective.com/typescript-eslint"
      },
      "peerDependencies": {
        "eslint": "^7.0.0 || ^8.0.0"
      },
      "peerDependenciesMeta": {
        "typescript": {
          "optional": true
        }
      }
    },
    "../node_modules/.pnpm/bn.js@5.2.2/node_modules/bn.js": {
      "version": "5.2.2",
      "license": "MIT",
      "devDependencies": {
        "eslint-plugin-es5": "^1.5.0",
        "mocha": "^8.3.0",
        "standardx": "^7.0.0"
      }
    },
    "../node_modules/.pnpm/eslint@8.57.1/node_modules/eslint": {
      "version": "8.57.1",
      "dev": true,
      "license": "MIT",
      "dependencies": {
        "@eslint-community/eslint-utils": "^4.2.0",
        "@eslint-community/regexpp": "^4.6.1",
        "@eslint/eslintrc": "^2.1.4",
        "@eslint/js": "8.57.1",
        "@humanwhocodes/config-array": "^0.13.0",
        "@humanwhocodes/module-importer": "^1.0.1",
        "@nodelib/fs.walk": "^1.2.8",
        "@ungap/structured-clone": "^1.2.0",
        "ajv": "^6.12.4",
        "chalk": "^4.0.0",
        "cross-spawn": "^7.0.2",
        "debug": "^4.3.2",
        "doctrine": "^3.0.0",
        "escape-string-regexp": "^4.0.0",
        "eslint-scope": "^7.2.2",
        "eslint-visitor-keys": "^3.4.3",
        "espree": "^9.6.1",
        "esquery": "^1.4.2",
        "esutils": "^2.0.2",
        "fast-deep-equal": "^3.1.3",
        "file-entry-cache": "^6.0.1",
        "find-up": "^5.0.0",
        "glob-parent": "^6.0.2",
        "globals": "^13.19.0",
        "graphemer": "^1.4.0",
        "ignore": "^5.2.0",
        "imurmurhash": "^0.1.4",
        "is-glob": "^4.0.0",
        "is-path-inside": "^3.0.3",
        "js-yaml": "^4.1.0",
        "json-stable-stringify-without-jsonify": "^1.0.1",
        "levn": "^0.4.1",
        "lodash.merge": "^4.6.2",
        "minimatch": "^3.1.2",
        "natural-compare": "^1.4.0",
        "optionator": "^0.9.3",
        "strip-ansi": "^6.0.1",
        "text-table": "^0.2.0"
      },
      "bin": {
        "eslint": "bin/eslint.js"
      },
      "devDependencies": {
        "@babel/core": "^7.4.3",
        "@babel/preset-env": "^7.4.3",
        "@sinonjs/fake-timers": "11.2.2",
        "@wdio/browser-runner": "^8.14.6",
        "@wdio/cli": "^8.14.6",
        "@wdio/concise-reporter": "^8.14.0",
        "@wdio/globals": "^8.14.6",
        "@wdio/mocha-framework": "^8.14.0",
        "babel-loader": "^8.0.5",
        "c8": "^7.12.0",
        "chai": "^4.0.1",
        "cheerio": "^0.22.0",
        "common-tags": "^1.8.0",
        "core-js": "^3.1.3",
        "ejs": "^3.0.2",
        "eslint": "file:.",
        "eslint-config-eslint": "file:packages/eslint-config-eslint",
        "eslint-plugin-eslint-comments": "^3.2.0",
        "eslint-plugin-eslint-plugin": "^5.2.1",
        "eslint-plugin-internal-rules": "file:tools/internal-rules",
        "eslint-plugin-jsdoc": "^46.2.5",
        "eslint-plugin-n": "^16.6.0",
        "eslint-plugin-unicorn": "^49.0.0",
        "eslint-release": "^3.3.0",
        "eslump": "^3.0.0",
        "esprima": "^4.0.1",
        "fast-glob": "^3.2.11",
        "fs-teardown": "^0.1.3",
        "glob": "^7.1.6",
        "got": "^11.8.3",
        "gray-matter": "^4.0.3",
        "lint-staged": "^11.0.0",
        "load-perf": "^0.2.0",
        "markdown-it": "^12.2.0",
        "markdown-it-container": "^3.0.0",
        "markdownlint": "^0.32.0",
        "markdownlint-cli": "^0.37.0",
        "marked": "^4.0.8",
        "memfs": "^3.0.1",
        "metascraper": "^5.25.7",
        "metascraper-description": "^5.25.7",
        "metascraper-image": "^5.29.3",
        "metascraper-logo": "^5.25.7",
        "metascraper-logo-favicon": "^5.25.7",
        "metascraper-title": "^5.25.7",
        "mocha": "^8.3.2",
        "mocha-junit-reporter": "^2.0.0",
        "node-polyfill-webpack-plugin": "^1.0.3",
        "npm-license": "^0.3.3",
        "pirates": "^4.0.5",
        "progress": "^2.0.3",
        "proxyquire": "^2.0.1",
        "recast": "^0.23.0",
        "regenerator-runtime": "^0.14.0",
        "rollup-plugin-node-polyfills": "^0.2.1",
        "semver": "^7.5.3",
        "shelljs": "^0.8.2",
        "sinon": "^11.0.0",
        "vite-plugin-commonjs": "0.10.1",
        "webdriverio": "^8.14.6",
        "webpack": "^5.23.0",
        "webpack-cli": "^4.5.0",
        "yorkie": "^2.0.0"
      },
      "engines": {
        "node": "^12.22.0 || ^14.17.0 || >=16.0.0"
      },
      "funding": {
        "url": "https://opencollective.com/eslint"
      }
    },
    "../node_modules/.pnpm/typedoc@0.28.14_typescript@5.8.3/node_modules/typedoc": {
      "version": "0.28.14",
      "dev": true,
      "license": "Apache-2.0",
      "dependencies": {
        "@gerrit0/mini-shiki": "^3.12.0",
        "lunr": "^2.3.9",
        "markdown-it": "^14.1.0",
        "minimatch": "^9.0.5",
        "yaml": "^2.8.1"
      },
      "bin": {
        "typedoc": "bin/typedoc"
      },
      "devDependencies": {
        "@eslint/js": "^9.34.0",
        "@types/lunr": "^2.3.7",
        "@types/markdown-it": "^14.1.2",
        "@types/mocha": "^10.0.10",
        "@types/node": "18",
        "@typestrong/fs-fixture-builder": "github:TypeStrong/fs-fixture-builder#34113409e3a171e68ce5e2b55461ef5c35591cfe",
        "c8": "^10.1.3",
        "dprint": "^0.50.1",
        "esbuild": "^0.25.9",
        "eslint": "^9.34.0",
        "mocha": "^11.7.1",
        "puppeteer": "^24.17.1",
        "semver": "^7.7.2",
        "tsx": "^4.20.5",
        "typescript": "5.9.2",
        "typescript-eslint": "^8.41.0"
      },
      "engines": {
        "node": ">= 18",
        "pnpm": ">= 10"
      },
      "peerDependencies": {
        "typescript": "5.0.x || 5.1.x || 5.2.x || 5.3.x || 5.4.x || 5.5.x || 5.6.x || 5.7.x || 5.8.x || 5.9.x"
      }
    },
    "../node_modules/.pnpm/typescript@5.8.3/node_modules/typescript": {
      "version": "5.8.3",
      "dev": true,
      "license": "Apache-2.0",
      "bin": {
        "tsc": "bin/tsc",
        "tsserver": "bin/tsserver"
      },
      "devDependencies": {
        "@dprint/formatter": "^0.4.1",
        "@dprint/typescript": "0.93.3",
        "@esfx/canceltoken": "^1.0.0",
        "@eslint/js": "^9.17.0",
        "@octokit/rest": "^21.0.2",
        "@types/chai": "^4.3.20",
        "@types/diff": "^5.2.3",
        "@types/minimist": "^1.2.5",
        "@types/mocha": "^10.0.10",
        "@types/ms": "^0.7.34",
        "@types/node": "latest",
        "@types/source-map-support": "^0.5.10",
        "@types/which": "^3.0.4",
        "@typescript-eslint/rule-tester": "^8.18.1",
        "@typescript-eslint/type-utils": "^8.18.1",
        "@typescript-eslint/utils": "^8.18.1",
        "azure-devops-node-api": "^14.1.0",
        "c8": "^10.1.3",
        "chai": "^4.5.0",
        "chalk": "^4.1.2",
        "chokidar": "^3.6.0",
        "diff": "^5.2.0",
        "dprint": "^0.47.6",
        "esbuild": "^0.24.0",
        "eslint": "^9.17.0",
        "eslint-formatter-autolinkable-stylish": "^1.4.0",
        "eslint-plugin-regexp": "^2.7.0",
        "fast-xml-parser": "^4.5.1",
        "glob": "^10.4.5",
        "globals": "^15.13.0",
        "hereby": "^1.10.0",
        "jsonc-parser": "^3.3.1",
        "knip": "^5.41.0",
        "minimist": "^1.2.8",
        "mocha": "^10.8.2",
        "mocha-fivemat-progress-reporter": "^0.1.0",
        "monocart-coverage-reports": "^2.11.4",
        "ms": "^2.1.3",
        "playwright": "^1.49.1",
        "source-map-support": "^0.5.21",
        "tslib": "^2.8.1",
        "typescript": "^5.7.2",
        "typescript-eslint": "^8.18.1",
        "which": "^3.0.1"
      },
      "engines": {
        "node": ">=14.17"
      }
    },
    "node_modules/@coral-xyz/anchor": {
      "resolved": "../node_modules/.pnpm/@coral-xyz+anchor@0.31.1_bufferutil@4.0.9_typescript@5.8.3_utf-8-validate@5.0.10/node_modules/@coral-xyz/anchor",
      "link": true
    },
    "node_modules/@metaplex-foundation/mpl-token-metadata": {
      "resolved": "../node_modules/.pnpm/@metaplex-foundation+mpl-token-metadata@3.4.0_@metaplex-foundation+umi@1.4.1/node_modules/@metaplex-foundation/mpl-token-metadata",
      "link": true
    },
    "node_modules/@metaplex-foundation/umi": {
      "resolved": "../node_modules/.pnpm/@metaplex-foundation+umi@1.4.1/node_modules/@metaplex-foundation/umi",
      "link": true
    },
    "node_modules/@metaplex-foundation/umi-bundle-defaults": {
      "resolved": "../node_modules/.pnpm/@metaplex-foundation+umi-bundle-defaults@1.4.1_@metaplex-foundation+umi@1.4.1_@solana+w_83d0b4d5c3c784bce5e8845ed90c1d5b/node_modules/@metaplex-foundation/umi-bundle-defaults",
      "link": true
    },
    "node_modules/@rollup/plugin-inject": {
      "resolved": "../node_modules/.pnpm/@rollup+plugin-inject@5.0.5_rollup@4.43.0/node_modules/@rollup/plugin-inject",
      "link": true
    },
    "node_modules/@solana/spl-token": {
      "resolved": "../node_modules/.pnpm/@solana+spl-token@0.4.14_@solana+web3.js@1.98.4_bufferutil@4.0.9_typescript@5.8.3_utf-8_9b918161fe708b34bc3664ef5309d457/node_modules/@solana/spl-token",
      "link": true
    },
    "node_modules/@solana/web3.js": {
      "resolved": "../node_modules/.pnpm/@solana+web3.js@1.98.4_bufferutil@4.0.9_typescript@5.8.3_utf-8-validate@5.0.10/node_modules/@solana/web3.js",
      "link": true
    },
    "node_modules/@types/bn.js": {
      "resolved": "../node_modules/.pnpm/@types+bn.js@5.2.0/node_modules/@types/bn.js",
      "link": true
    },
    "node_modules/@types/node": {
      "resolved": "../node_modules/.pnpm/@types+node@22.18.8/node_modules/@types/node",
      "link": true
    },
    "node_modules/@typescript-eslint/eslint-plugin": {
      "resolved": "../node_modules/.pnpm/@typescript-eslint+eslint-plugin@6.21.0_@typescript-eslint+parser@6.21.0_eslint@8.57.1__568544a48dea19c14ce8955143cbe955/node_modules/@typescript-eslint/eslint-plugin",
      "link": true
    },
    "node_modules/@typescript-eslint/parser": {
      "resolved": "../node_modules/.pnpm/@typescript-eslint+parser@6.21.0_eslint@8.57.1_typescript@5.8.3/node_modules/@typescript-eslint/parser",
      "link": true
    },
    "node_modules/bn.js": {
      "resolved": "../node_modules/.pnpm/bn.js@5.2.2/node_modules/bn.js",
      "link": true
    },
    "node_modules/eslint": {
      "resolved": "../node_modules/.pnpm/eslint@8.57.1/node_modules/eslint",
      "link": true
    },
    "node_modules/typedoc": {
      "resolved": "../node_modules/.pnpm/typedoc@0.28.14_typescript@5.8.3/node_modules/typedoc",
      "link": true
    },
    "node_modules/typescript": {
      "resolved": "../node_modules/.pnpm/typescript@5.8.3/node_modules/typescript",
      "link": true
    }
  }
}
